
Microsoft Visual Studio Solution File, Format Version 12.00
# Visual Studio 15
VisualStudioVersion = 15.0.27130.2003
MinimumVisualStudioVersion = 10.0.40219.1
Project("{FAE04EC0-301F-11D3-BF4B-00C04F79EFBC}") = "TimeSquare", "TimeSquare\TimeSquare.csproj", "{9773DD6A-065E-4E6B-AA94-FFB9B32F0A29}"
EndProject
Global
	GlobalSection(SolutionConfigurationPlatforms) = preSolution
		Debug|Any CPU = Debug|Any CPU
		Release|Any CPU = Release|Any CPU
	EndGlobalSection
	GlobalSection(ProjectConfigurationPlatforms) = postSolution
		{9773DD6A-065E-4E6B-AA94-FFB9B32F0A29}.Debug|Any CPU.ActiveCfg = Debug|Any CPU
		{9773DD6A-065E-4E6B-AA94-FFB9B32F0A29}.Debug|Any CPU.Build.0 = Debug|Any CPU
		{9773DD6A-065E-4E6B-AA94-FFB9B32F0A29}.Release|Any CPU.ActiveCfg = Release|Any CPU
		{9773DD6A-065E-4E6B-AA94-FFB9B32F0A29}.Release|Any CPU.Build.0 = Release|Any CPU
	EndGlobalSection
	GlobalSection(SolutionProperties) = preSolution
		HideSolutionNode = FALSE
	EndGlobalSection
	GlobalSection(ExtensibilityGlobals) = postSolution
		SolutionGuid = {163D2491-B2E3-499B-ACD3-1997AC13B531}
	EndGlobalSection
EndGlobal
